// !$*UTF8*$!
{
	archiveVersion = 1;
	classes = {
	};
	objectVersion = 56;
	objects = {

/* Begin PBXBuildFile section */
		C1384EB92955CFA900589195 /* AppDelegate.swift in Sources */ = {isa = PBXBuildFile; fileRef = C1384EB82955CFA900589195 /* AppDelegate.swift */; };
		C1384EBB2955CFA900589195 /* SceneDelegate.swift in Sources */ = {isa = PBXBuildFile; fileRef = C1384EBA2955CFA900589195 /* SceneDelegate.swift */; };
		C1384EBD2955CFA900589195 /* ViewController.swift in Sources */ = {isa = PBXBuildFile; fileRef = C1384EBC2955CFA900589195 /* ViewController.swift */; };
		C1384EC02955CFA900589195 /* Main.storyboard in Resources */ = {isa = PBXBuildFile; fileRef = C1384EBE2955CFA900589195 /* Main.storyboard */; };
		C1384EC22955CFAA00589195 /* Assets.xcassets in Resources */ = {isa = PBXBuildFile; fileRef = C1384EC12955CFAA00589195 /* Assets.xcassets */; };
		C1384EC52955CFAA00589195 /* LaunchScreen.storyboard in Resources */ = {isa = PBXBuildFile; fileRef = C1384EC32955CFAA00589195 /* LaunchScreen.storyboard */; };
		C1384ECE2955D7A700589195 /* carDetailsVC.swift in Sources */ = {isa = PBXBuildFile; fileRef = C1384ECC2955D7A700589195 /* carDetailsVC.swift */; };
		C1384ECF2955D7A700589195 /* carDetailsVC.xib in Resources */ = {isa = PBXBuildFile; fileRef = C1384ECD2955D7A700589195 /* carDetailsVC.xib */; };
		C1384ED62955E17500589195 /* CarCell.swift in Sources */ = {isa = PBXBuildFile; fileRef = C1384ED42955E17500589195 /* CarCell.swift */; };
		C1384ED72955E17500589195 /* CarCell.xib in Resources */ = {isa = PBXBuildFile; fileRef = C1384ED52955E17500589195 /* CarCell.xib */; };
		C15FAE4A2957CAC000C64A53 /* Cars_Models.swift in Sources */ = {isa = PBXBuildFile; fileRef = C15FAE492957CAC000C64A53 /* Cars_Models.swift */; };
/* End PBXBuildFile section */

/* Begin PBXFileReference section */
		C1384EB52955CFA900589195 /* Car_Project.app */ = {isa = PBXFileReference; explicitFileType = wrapper.application; includeInIndex = 0; path = Car_Project.app; sourceTree = BUILT_PRODUCTS_DIR; };
		C1384EB82955CFA900589195 /* AppDelegate.swift */ = {isa = PBXFileReference; lastKnownFileType = sourcecode.swift; path = AppDelegate.swift; sourceTree = "<group>"; };
		C1384EBA2955CFA900589195 /* SceneDelegate.swift */ = {isa = PBXFileReference; lastKnownFileType = sourcecode.swift; path = SceneDelegate.swift; sourceTree = "<group>"; };
		C1384EBC2955CFA900589195 /* ViewController.swift */ = {isa = PBXFileReference; lastKnownFileType = sourcecode.swift; path = ViewController.swift; sourceTree = "<group>"; };
		C1384EBF2955CFA900589195 /* Base */ = {isa = PBXFileReference; lastKnownFileType = file.storyboard; name = Base; path = Base.lproj/Main.storyboard; sourceTree = "<group>"; };
		C1384EC12955CFAA00589195 /* Assets.xcassets */ = {isa = PBXFileReference; lastKnownFileType = folder.assetcatalog; path = Assets.xcassets; sourceTree = "<group>"; };
		C1384EC42955CFAA00589195 /* Base */ = {isa = PBXFileReference; lastKnownFileType = file.storyboard; name = Base; path = Base.lproj/LaunchScreen.storyboard; sourceTree = "<group>"; };
		C1384EC62955CFAA00589195 /* Info.plist */ = {isa = PBXFileReference; lastKnownFileType = text.plist.xml; path = Info.plist; sourceTree = "<group>"; };
		C1384ECC2955D7A700589195 /* carDetailsVC.swift */ = {isa = PBXFileReference; lastKnownFileType = sourcecode.swift; path = carDetailsVC.swift; sourceTree = "<group>"; };
		C1384ECD2955D7A700589195 /* carDetailsVC.xib */ = {isa = PBXFileReference; lastKnownFileType = file.xib; path = carDetailsVC.xib; sourceTree = "<group>"; };
		C1384ED42955E17500589195 /* CarCell.swift */ = {isa = PBXFileReference; lastKnownFileType = sourcecode.swift; path = CarCell.swift; sourceTree = "<group>"; };
		C1384ED52955E17500589195 /* CarCell.xib */ = {isa = PBXFileReference; lastKnownFileType = file.xib; path = CarCell.xib; sourceTree = "<group>"; };
		C15FAE492957CAC000C64A53 /* Cars_Models.swift */ = {isa = PBXFileReference; lastKnownFileType = sourcecode.swift; path = Cars_Models.swift; sourceTree = "<group>"; };
/* End PBXFileReference section */

/* Begin PBXFrameworksBuildPhase section */
		C1384EB22955CFA900589195 /* Frameworks */ = {
			isa = PBXFrameworksBuildPhase;
			buildActionMask = 2147483647;
			files = (
			);
			runOnlyForDeploymentPostprocessing = 0;
		};
/* End PBXFrameworksBuildPhase section */

/* Begin PBXGroup section */
		C1384EAC2955CFA900589195 = {
			isa = PBXGroup;
			children = (
				C1384EB72955CFA900589195 /* Car_Project */,
				C1384EB62955CFA900589195 /* Products */,
			);
			sourceTree = "<group>";
		};
		C1384EB62955CFA900589195 /* Products */ = {
			isa = PBXGroup;
			children = (
				C1384EB52955CFA900589195 /* Car_Project.app */,
			);
			name = Products;
			sourceTree = "<group>";
		};
		C1384EB72955CFA900589195 /* Car_Project */ = {
			isa = PBXGroup;
			children = (
				C15FAE482957CA9900C64A53 /* Modules */,
				C1384EB82955CFA900589195 /* AppDelegate.swift */,
				C1384EBA2955CFA900589195 /* SceneDelegate.swift */,
				C1384EBC2955CFA900589195 /* ViewController.swift */,
				C1384ECC2955D7A700589195 /* carDetailsVC.swift */,
				C1384EBE2955CFA900589195 /* Main.storyboard */,
				C1384EC12955CFAA00589195 /* Assets.xcassets */,
				C1384EC32955CFAA00589195 /* LaunchScreen.storyboard */,
				C1384EC62955CFAA00589195 /* Info.plist */,
				C1384ECD2955D7A700589195 /* carDetailsVC.xib */,
				C1384ED42955E17500589195 /* CarCell.swift */,
				C1384ED52955E17500589195 /* CarCell.xib */,
			);
			path = Car_Project;
			sourceTree = "<group>";
		};
		C15FAE482957CA9900C64A53 /* Modules */ = {
			isa = PBXGroup;
			children = (
				C15FAE492957CAC000C64A53 /* Cars_Models.swift */,
			);
			path = Modules;
			sourceTree = "<group>";
		};
/* End PBXGroup section */

/* Begin PBXNativeTarget section */
		C1384EB42955CFA900589195 /* Car_Project */ = {
			isa = PBXNativeTarget;
			buildConfigurationList = C1384EC92955CFAA00589195 /* Build configuration list for PBXNativeTarget "Car_Project" */;
			buildPhases = (
				C1384EB12955CFA900589195 /* Sources */,
				C1384EB22955CFA900589195 /* Frameworks */,
				C1384EB32955CFA900589195 /* Resources */,
			);
			buildRules = (
			);
			dependencies = (
			);
			name = Car_Project;
			productName = Car_Project;
			productReference = C1384EB52955CFA900589195 /* Car_Project.app */;
			productType = "com.apple.product-type.application";
		};
/* End PBXNativeTarget section */

/* Begin PBXProject section */
		C1384EAD2955CFA900589195 /* Project object */ = {
			isa = PBXProject;
			attributes = {
				BuildIndependentTargetsInParallel = 1;
				LastSwiftUpdateCheck = 1410;
				LastUpgradeCheck = 1410;
				TargetAttributes = {
					C1384EB42955CFA900589195 = {
						CreatedOnToolsVersion = 14.1;
					};
				};
			};
			buildConfigurationList = C1384EB02955CFA900589195 /* Build configuration list for PBXProject "Car_Project" */;
			compatibilityVersion = "Xcode 14.0";
			developmentRegion = en;
			hasScannedForEncodings = 0;
			knownRegions = (
				en,
				Base,
			);
			mainGroup = C1384EAC2955CFA900589195;
			productRefGroup = C1384EB62955CFA900589195 /* Products */;
			projectDirPath = "";
			projectRoot = "";
			targets = (
				C1384EB42955CFA900589195 /* Car_Project */,
			);
		};
/* End PBXProject section */

/* Begin PBXResourcesBuildPhase section */
		C1384EB32955CFA900589195 /* Resources */ = {
			isa = PBXResourcesBuildPhase;
			buildActionMask = 2147483647;
			files = (
				C1384EC52955CFAA00589195 /* LaunchScreen.storyboard in Resources */,
				C1384EC22955CFAA00589195 /* Assets.xcassets in Resources */,
				C1384ECF2955D7A700589195 /* carDetailsVC.xib in Resources */,
				C1384EC02955CFA900589195 /* Main.storyboard in Resources */,
				C1384ED72955E17500589195 /* CarCell.xib in Resources */,
			);
			runOnlyForDeploymentPostprocessing = 0;
		};
/* End PBXResourcesBuildPhase section */

/* Begin PBXSourcesBuildPhase section */
		C1384EB12955CFA900589195 /* Sources */ = {
			isa = PBXSourcesBuildPhase;
			buildActionMask = 2147483647;
			files = (
				C15FAE4A2957CAC000C64A53 /* Cars_Models.swift in Sources */,
				C1384EBD2955CFA900589195 /* ViewController.swift in Sources */,
				C1384EB92955CFA900589195 /* AppDelegate.swift in Sources */,
				C1384ECE2955D7A700589195 /* carDetailsVC.swift in Sources */,
				C1384ED62955E17500589195 /* CarCell.swift in Sources */,
				C1384EBB2955CFA900589195 /* SceneDelegate.swift in Sources */,
			);
			runOnlyForDeploymentPostprocessing = 0;
		};
/* End PBXSourcesBuildPhase section */

/* Begin PBXVariantGroup section */
		C1384EBE2955CFA900589195 /* Main.storyboard */ = {
			isa = PBXVariantGroup;
			children = (
				C1384EBF2955CFA900589195 /* Base */,
			);
			name = Main.storyboard;
			sourceTree = "<group>";
		};
		C1384EC32955CFAA00589195 /* LaunchScreen.storyboard */ = {
			isa = PBXVariantGroup;
			children = (
				C1384EC42955CFAA00589195 /* Base */,
			);
			name = LaunchScreen.storyboard;
			sourceTree = "<group>";
		};
/* End PBXVariantGroup section */

/* Begin XCBuildConfiguration section */
		C1384EC72955CFAA00589195 /* Debug */ = {
			isa = XCBuildConfiguration;
			buildSettings = {
				ALWAYS_SEARCH_USER_PATHS = NO;
				CLANG_ANALYZER_NONNULL = YES;
				CLANG_ANALYZER_NUMBER_OBJECT_CONVERSION = YES_AGGRESSIVE;
				CLANG_CXX_LANGUAGE_STANDARD = "gnu++20";
				CLANG_ENABLE_MODULES = YES;
				CLANG_ENABLE_OBJC_ARC = YES;
				CLANG_ENABLE_OBJC_WEAK = YES;
				CLANG_WARN_BLOCK_CAPTURE_AUTORELEASING = YES;
				CLANG_WARN_BOOL_CONVERSION = YES;
				CLANG_WARN_COMMA = YES;
				CLANG_WARN_CONSTANT_CONVERSION = YES;
				CLANG_WARN_DEPRECATED_OBJC_IMPLEMENTATIONS = YES;
				CLANG_WARN_DIRECT_OBJC_ISA_USAGE = YES_ERROR;
				CLANG_WARN_DOCUMENTATION_COMMENTS = YES;
				CLANG_WARN_EMPTY_BODY = YES;
				CLANG_WARN_ENUM_CONVERSION = YES;
				CLANG_WARN_INFINITE_RECURSION = YES;
				CLANG_WARN_INT_CONVERSION = YES;
				CLANG_WARN_NON_LITERAL_NULL_CONVERSION = YES;
				CLANG_WARN_OBJC_IMPLICIT_RETAIN_SELF = YES;
				CLANG_WARN_OBJC_LITERAL_CONVERSION = YES;
				CLANG_WARN_OBJC_ROOT_CLASS = YES_ERROR;
				CLANG_WARN_QUOTED_INCLUDE_IN_FRAMEWORK_HEADER = YES;
				CLANG_WARN_RANGE_LOOP_ANALYSIS = YES;
				CLANG_WARN_STRICT_PROTOTYPES = YES;
				CLANG_WARN_SUSPICIOUS_MOVE = YES;
				CLANG_WARN_UNGUARDED_AVAILABILITY = YES_AGGRESSIVE;
				CLANG_WARN_UNREACHABLE_CODE = YES;
				CLANG_WARN__DUPLICATE_METHOD_MATCH = YES;
				COPY_PHASE_STRIP = NO;
				DEBUG_INFORMATION_FORMAT = dwarf;
				ENABLE_STRICT_OBJC_MSGSEND = YES;
				ENABLE_TESTABILITY = YES;
				GCC_C_LANGUAGE_STANDARD = gnu11;
				GCC_DYNAMIC_NO_PIC = NO;
				GCC_NO_COMMON_BLOCKS = YES;
				GCC_OPTIMIZATION_LEVEL = 0;
				GCC_PREPROCESSOR_DEFINITIONS = (
					"DEBUG=1",
					"$(inherited)",
				);
				GCC_WARN_64_TO_32_BIT_CONVERSION = YES;
				GCC_WARN_ABOUT_RETURN_TYPE = YES_ERROR;
				GCC_WARN_UNDECLARED_SELECTOR = YES;
				GCC_WARN_UNINITIALIZED_AUTOS = YES_AGGRESSIVE;
				GCC_WARN_UNUSED_FUNCTION = YES;
				GCC_WARN_UNUSED_VARIABLE = YES;
				IPHONEOS_DEPLOYMENT_TARGET = 16.1;
				MTL_ENABLE_DEBUG_INFO = INCLUDE_SOURCE;
				MTL_FAST_MATH = YES;
				ONLY_ACTIVE_ARCH = YES;
				SDKROOT = iphoneos;
				SWIFT_ACTIVE_COMPILATION_CONDITIONS = DEBUG;
				SWIFT_OPTIMIZATION_LEVEL = "-Onone";
			};
			name = Debug;
		};
		C1384EC82955CFAA00589195 /* Release */ = {
			isa = XCBuildConfiguration;
			buildSettings = {
				ALWAYS_SEARCH_USER_PATHS = NO;
				CLANG_ANALYZER_NONNULL = YES;
				CLANG_ANALYZER_NUMBER_OBJECT_CONVERSION = YES_AGGRESSIVE;
				CLANG_CXX_LANGUAGE_STANDARD = "gnu++20";
				CLANG_ENABLE_MODULES = YES;
				CLANG_ENABLE_OBJC_ARC = YES;
				CLANG_ENABLE_OBJC_WEAK = YES;
				CLANG_WARN_BLOCK_CAPTURE_AUTORELEASING = YES;
				CLANG_WARN_BOOL_CONVERSION = YES;
				CLANG_WARN_COMMA = YES;
				CLANG_WARN_CONSTANT_CONVERSION = YES;
				CLANG_WARN_DEPRECATED_OBJC_IMPLEMENTATIONS = YES;
				CLANG_WARN_DIRECT_OBJC_ISA_USAGE = YES_ERROR;
				CLANG_WARN_DOCUMENTATION_COMMENTS = YES;
				CLANG_WARN_EMPTY_BODY = YES;
				CLANG_WARN_ENUM_CONVERSION = YES;
				CLANG_WARN_INFINITE_RECURSION = YES;
				CLANG_WARN_INT_CONVERSION = YES;
				CLANG_WARN_NON_LITERAL_NULL_CONVERSION = YES;
				CLANG_WARN_OBJC_IMPLICIT_RETAIN_SELF = YES;
				CLANG_WARN_OBJC_LITERAL_CONVERSION = YES;
				CLANG_WARN_OBJC_ROOT_CLASS = YES_ERROR;
				CLANG_WARN_QUOTED_INCLUDE_IN_FRAMEWORK_HEADER = YES;
				CLANG_WARN_RANGE_LOOP_ANALYSIS = YES;
				CLANG_WARN_STRICT_PROTOTYPES = YES;
				CLANG_WARN_SUSPICIOUS_MOVE = YES;
				CLANG_WARN_UNGUARDED_AVAILABILITY = YES_AGGRESSIVE;
				CLANG_WARN_UNREACHABLE_CODE = YES;
				CLANG_WARN__DUPLICATE_METHOD_MATCH = YES;
				COPY_PHASE_STRIP = NO;
				DEBUG_INFORMATION_FORMAT = "dwarf-with-dsym";
				ENABLE_NS_ASSERTIONS = NO;
				ENABLE_STRICT_OBJC_MSGSEND = YES;
				GCC_C_LANGUAGE_STANDARD = gnu11;
				GCC_NO_COMMON_BLOCKS = YES;
				GCC_WARN_64_TO_32_BIT_CONVERSION = YES;
				GCC_WARN_ABOUT_RETURN_TYPE = YES_ERROR;
				GCC_WARN_UNDECLARED_SELECTOR = YES;
				GCC_WARN_UNINITIALIZED_AUTOS = YES_AGGRESSIVE;
				GCC_WARN_UNUSED_FUNCTION = YES;
				GCC_WARN_UNUSED_VARIABLE = YES;
				IPHONEOS_DEPLOYMENT_TARGET = 16.1;
				MTL_ENABLE_DEBUG_INFO = NO;
				MTL_FAST_MATH = YES;
				SDKROOT = iphoneos;
				SWIFT_COMPILATION_MODE = wholemodule;
				SWIFT_OPTIMIZATION_LEVEL = "-O";
				VALIDATE_PRODUCT = YES;
			};
			name = Release;
		};
		C1384ECA2955CFAA00589195 /* Debug */ = {
			isa = XCBuildConfiguration;
			buildSettings = {
				ASSETCATALOG_COMPILER_APPICON_NAME = AppIcon;
				ASSETCATALOG_COMPILER_GLOBAL_ACCENT_COLOR_NAME = AccentColor;
				CODE_SIGN_STYLE = Automatic;
				CURRENT_PROJECT_VERSION = 1;
				GENERATE_INFOPLIST_FILE = YES;
				INFOPLIST_FILE = Car_Project/Info.plist;
				INFOPLIST_KEY_UIApplicationSupportsIndirectInputEvents = YES;
				INFOPLIST_KEY_UILaunchStoryboardName = LaunchScreen;
				INFOPLIST_KEY_UIMainStoryboardFile = Main;
				INFOPLIST_KEY_UISupportedInterfaceOrientations_iPad = "UIInterfaceOrientationPortrait UIInterfaceOrientationPortraitUpsideDown UIInterfaceOrientationLandscapeLeft UIInterfaceOrientationLandscapeRight";
				INFOPLIST_KEY_UISupportedInterfaceOrientations_iPhone = "UIInterfaceOrientationPortrait UIInterfaceOrientationLandscapeLeft UIInterfaceOrientationLandscapeRight";
				LD_RUNPATH_SEARCH_PATHS = (
					"$(inherited)",
					"@executable_path/Frameworks",
				);
				MARKETING_VERSION = 1.0;
				PRODUCT_BUNDLE_IDENTIFIER = "elamir.Car-Project";
				PRODUCT_NAME = "$(TARGET_NAME)";
				SWIFT_EMIT_LOC_STRINGS = YES;
				SWIFT_VERSION = 5.0;
				TARGETED_DEVICE_FAMILY = "1,2";
			};
			name = Debug;
		};
		C1384ECB2955CFAA00589195 /* Release */ = {
			isa = XCBuildConfiguration;
			buildSettings = {
				ASSETCATALOG_COMPILER_APPICON_NAME = AppIcon;
				ASSETCATALOG_COMPILER_GLOBAL_ACCENT_COLOR_NAME = AccentColor;
				CODE_SIGN_STYLE = Automatic;
				CURRENT_PROJECT_VERSION = 1;
				GENERATE_INFOPLIST_FILE = YES;
				INFOPLIST_FILE = Car_Project/Info.plist;
				INFOPLIST_KEY_UIApplicationSupportsIndirectInputEvents = YES;
				INFOPLIST_KEY_UILaunchStoryboardName = LaunchScreen;
				INFOPLIST_KEY_UIMainStoryboardFile = Main;
				INFOPLIST_KEY_UISupportedInterfaceOrientations_iPad = "UIInterfaceOrientationPortrait UIInterfaceOrientationPortraitUpsideDown UIInterfaceOrientationLandscapeLeft UIInterfaceOrientationLandscapeRight";
				INFOPLIST_KEY_UISupportedInterfaceOrientations_iPhone = "UIInterfaceOrientationPortrait UIInterfaceOrientationLandscapeLeft UIInterfaceOrientationLandscapeRight";
				LD_RUNPATH_SEARCH_PATHS = (
					"$(inherited)",
					"@executable_path/Frameworks",
				);
				MARKETING_VERSION = 1.0;
				PRODUCT_BUNDLE_IDENTIFIER = "elamir.Car-Project";
				PRODUCT_NAME = "$(TARGET_NAME)";
				SWIFT_EMIT_LOC_STRINGS = YES;
				SWIFT_VERSION = 5.0;
				TARGETED_DEVICE_FAMILY = "1,2";
			};
			name = Release;
		};
/* End XCBuildConfiguration section */

/* Begin XCConfigurationList section */
		C1384EB02955CFA900589195 /* Build configuration list for PBXProject "Car_Project" */ = {
			isa = XCConfigurationList;
			buildConfigurations = (
				C1384EC72955CFAA00589195 /* Debug */,
				C1384EC82955CFAA00589195 /* Release */,
			);
			defaultConfigurationIsVisible = 0;
			defaultConfigurationName = Release;
		};
		C1384EC92955CFAA00589195 /* Build configuration list for PBXNativeTarget "Car_Project" */ = {
			isa = XCConfigurationList;
			buildConfigurations = (
				C1384ECA2955CFAA00589195 /* Debug */,
				C1384ECB2955CFAA00589195 /* Release */,
			);
			defaultConfigurationIsVisible = 0;
			defaultConfigurationName = Release;
		};
/* End XCConfigurationList section */
	};
	rootObject = C1384EAD2955CFA900589195 /* Project object */;
}
